
Microsoft Visual Studio Solution File, Format Version 12.00
# Visual Studio 15
VisualStudioVersion = 15.0.28307.757
MinimumVisualStudioVersion = 10.0.40219.1
Project("{FAE04EC0-301F-11D3-BF4B-00C04F79EFBC}") = "FeedReader.App", "FeedReader.App\FeedReader.App.csproj", "{4AC3F5EA-A34F-487F-A82B-10F9C59A9503}"
EndProject
Global
	GlobalSection(SolutionConfigurationPlatforms) = preSolution
		Debug|Any CPU = Debug|Any CPU
		Release|Any CPU = Release|Any CPU
	EndGlobalSection
	GlobalSection(ProjectConfigurationPlatforms) = postSolution
		{4AC3F5EA-A34F-487F-A82B-10F9C59A9503}.Debug|Any CPU.ActiveCfg = Debug|Any CPU
		{4AC3F5EA-A34F-487F-A82B-10F9C59A9503}.Debug|Any CPU.Build.0 = Debug|Any CPU
		{4AC3F5EA-A34F-487F-A82B-10F9C59A9503}.Release|Any CPU.ActiveCfg = Release|Any CPU
		{4AC3F5EA-A34F-487F-A82B-10F9C59A9503}.Release|Any CPU.Build.0 = Release|Any CPU
	EndGlobalSection
	GlobalSection(SolutionProperties) = preSolution
		HideSolutionNode = FALSE
	EndGlobalSection
	GlobalSection(ExtensibilityGlobals) = postSolution
		SolutionGuid = {D21813D1-8F14-42EC-A395-7666B4D33FED}
	EndGlobalSection
EndGlobal
